
Microsoft Visual Studio Solution File, Format Version 12.00
# Visual Studio Version 17
VisualStudioVersion = 17.2.32630.192
MinimumVisualStudioVersion = 10.0.40219.1
Project("{9A19103F-16F7-4668-BE54-9A1E7A4F7556}") = "DevJr.Business", "src\DevJr.Business\DevJr.Business.csproj", "{149C6011-A63A-486B-AB36-F7A58D1F3C22}"
EndProject
Project("{9A19103F-16F7-4668-BE54-9A1E7A4F7556}") = "DevJr.Data", "src\DevJr.Data\DevJr.Data.csproj", "{5A406D11-7241-45F9-8ECB-2A899AC5E22C}"
EndProject
Project("{FAE04EC0-301F-11D3-BF4B-00C04F79EFBC}") = "DevJr.Api", "src\DevJr.Api\DevJr.Api.csproj", "{2FC2C560-0F3E-4D26-97A7-5202FEBB57C0}"
	ProjectSection(ProjectDependencies) = postProject
		{149C6011-A63A-486B-AB36-F7A58D1F3C22} = {149C6011-A63A-486B-AB36-F7A58D1F3C22}
		{5A406D11-7241-45F9-8ECB-2A899AC5E22C} = {5A406D11-7241-45F9-8ECB-2A899AC5E22C}
	EndProjectSection
EndProject
Global
	GlobalSection(SolutionConfigurationPlatforms) = preSolution
		Debug|Any CPU = Debug|Any CPU
		Release|Any CPU = Release|Any CPU
	EndGlobalSection
	GlobalSection(ProjectConfigurationPlatforms) = postSolution
		{149C6011-A63A-486B-AB36-F7A58D1F3C22}.Debug|Any CPU.ActiveCfg = Debug|Any CPU
		{149C6011-A63A-486B-AB36-F7A58D1F3C22}.Debug|Any CPU.Build.0 = Debug|Any CPU
		{149C6011-A63A-486B-AB36-F7A58D1F3C22}.Release|Any CPU.ActiveCfg = Release|Any CPU
		{149C6011-A63A-486B-AB36-F7A58D1F3C22}.Release|Any CPU.Build.0 = Release|Any CPU
		{5A406D11-7241-45F9-8ECB-2A899AC5E22C}.Debug|Any CPU.ActiveCfg = Debug|Any CPU
		{5A406D11-7241-45F9-8ECB-2A899AC5E22C}.Debug|Any CPU.Build.0 = Debug|Any CPU
		{5A406D11-7241-45F9-8ECB-2A899AC5E22C}.Release|Any CPU.ActiveCfg = Release|Any CPU
		{5A406D11-7241-45F9-8ECB-2A899AC5E22C}.Release|Any CPU.Build.0 = Release|Any CPU
		{2FC2C560-0F3E-4D26-97A7-5202FEBB57C0}.Debug|Any CPU.ActiveCfg = Debug|Any CPU
		{2FC2C560-0F3E-4D26-97A7-5202FEBB57C0}.Debug|Any CPU.Build.0 = Debug|Any CPU
		{2FC2C560-0F3E-4D26-97A7-5202FEBB57C0}.Release|Any CPU.ActiveCfg = Release|Any CPU
		{2FC2C560-0F3E-4D26-97A7-5202FEBB57C0}.Release|Any CPU.Build.0 = Release|Any CPU
	EndGlobalSection
	GlobalSection(SolutionProperties) = preSolution
		HideSolutionNode = FALSE
	EndGlobalSection
	GlobalSection(ExtensibilityGlobals) = postSolution
		SolutionGuid = {692125BD-F69F-49FB-86F0-0CD99C485BF2}
	EndGlobalSection
EndGlobal
